GIT
  remote: git://github.com/davidcelis/recommendable.git
  revision: e8277062369ced8ebe1e8dd104b22ef2f210c527
  specs:
    recommendable (2.0.2)
      activesupport (>= 3.0.0)
      hooks (>= 0.2.1)
      redis (>= 2.2.0)

GIT
  remote: git://github.com/davidcelis/thinking-sphinx.git
  revision: 84605c9905f010cf7c0e9a68b61df9faab7c1d05
  specs:
    thinking-sphinx (3.0.1)
      activerecord (>= 3.1.0)
      builder (>= 2.1.2)
      innertube (>= 1.0.2)
      middleware (>= 0.1.0)
      riddle (>= 1.5.4)

GEM
  remote: https://rubygems.org/
  specs:
    actionmailer (3.2.11)
      actionpack (= 3.2.11)
      mail (~> 2.4.4)
    actionpack (3.2.11)
      activemodel (= 3.2.11)
      activesupport (= 3.2.11)
      builder (~> 3.0.0)
      erubis (~> 2.7.0)
      journey (~> 1.0.4)
      rack (~> 1.4.0)
      rack-cache (~> 1.2)
      rack-test (~> 0.6.1)
      sprockets (~> 2.2.1)
    activemodel (3.2.11)
      activesupport (= 3.2.11)
      builder (~> 3.0.0)
    activerecord (3.2.11)
      activemodel (= 3.2.11)
      activesupport (= 3.2.11)
      arel (~> 3.0.2)
      tzinfo (~> 0.3.29)
    activeresource (3.2.11)
      activemodel (= 3.2.11)
      activesupport (= 3.2.11)
    activesupport (3.2.11)
      i18n (~> 0.6)
      multi_json (~> 1.0)
    arel (3.0.2)
    bcrypt-ruby (3.0.1)
    bootstrap-sass (2.2.2.0)
      sass (~> 3.2)
    builder (3.0.4)
    capistrano (2.14.1)
      highline
      net-scp (>= 1.0.0)
      net-sftp (>= 2.0.0)
      net-ssh (>= 2.0.14)
      net-ssh-gateway (>= 1.1.0)
    capistrano-maintenance (0.0.2)
      capistrano (>= 2.0.0)
    capybara (2.0.2)
      mime-types (>= 1.16)
      nokogiri (>= 1.3.3)
      rack (>= 1.0.0)
      rack-test (>= 0.5.4)
      selenium-webdriver (~> 2.0)
      xpath (~> 1.0.0)
    celluloid (0.12.4)
      facter (>= 1.6.12)
      timers (>= 1.0.0)
    childprocess (0.3.7)
      ffi (~> 1.0, >= 1.0.6)
    coderay (1.0.8)
    coffee-rails (3.2.2)
      coffee-script (>= 2.2.0)
      railties (~> 3.2.0)
    coffee-script (2.2.0)
      coffee-script-source
      execjs
    coffee-script-source (1.4.0)
    commonjs (0.2.6)
    connection_pool (1.0.0)
    coolline (0.4.0)
    erubis (2.7.0)
    execjs (1.4.0)
      multi_json (~> 1.0)
    facter (1.6.17)
    ffi (1.3.1)
    font-awesome-sass-rails (3.0.0.1)
      railties (>= 3.1.1)
      sass-rails (>= 3.1.1)
    google-analytics-rails (0.0.3)
    gravatar_image_tag (1.1.3)
    haml (3.1.7)
    highline (1.6.15)
    hike (1.2.1)
    hooks (0.2.2)
    i18n (0.6.1)
    innertube (1.0.2)
    io-console (0.3)
    journey (1.0.4)
    jquery-rails (2.2.0)
      railties (>= 3.0, < 5.0)
      thor (>= 0.14, < 2.0)
    jquery-ui-rails (3.0.1)
      jquery-rails
      railties (>= 3.1.0)
    json (1.7.6)
    kaminari (0.14.1)
      actionpack (>= 3.0.0)
      activesupport (>= 3.0.0)
    less (2.2.2)
      commonjs (~> 0.2.6)
    less-rails (2.2.6)
      actionpack (>= 3.1)
      less (~> 2.2.0)
    libv8 (3.11.8.13)
    mail (2.4.4)
      i18n (>= 0.4.0)
      mime-types (~> 1.16)
      treetop (~> 1.4.8)
    method_source (0.8.1)
    middleware (0.1.0)
    mime-types (1.19)
    miniskirt (1.2.1)
      activesupport
    minitest (4.5.0)
    minitest-capybara (0.1.0)
      capybara (>= 1.0)
      minitest-matchers (>= 1.2)
    minitest-matchers (1.2.0)
      minitest (>= 2.5.0)
    minitest-rails (0.5.1)
      minitest (~> 4.0)
      rails (>= 3.0)
    minitest-rails-capybara (0.5.1)
      capybara (~> 2.0)
      minitest-capybara (~> 0.1)
      minitest-matchers (>= 1.2)
      minitest-rails (~> 0.5)
    multi_json (1.5.0)
    mysql2 (0.3.12b4)
    nested_form (0.3.1)
    net-scp (1.0.4)
      net-ssh (>= 1.99.1)
    net-sftp (2.0.5)
      net-ssh (>= 2.0.9)
    net-ssh (2.6.3)
    net-ssh-gateway (1.1.0)
      net-ssh (>= 1.99.1)
    newrelic-redis (1.4.0)
      newrelic_rpm (~> 3.0)
      redis (< 4.0)
    newrelic_rpm (3.5.6.46)
    nokogiri (1.5.6)
    pg (0.14.1)
    polyglot (0.3.3)
    pry (0.9.11.4)
      coderay (~> 1.0.5)
      method_source (~> 0.8)
      slop (~> 3.4)
    pry-coolline (0.2.2)
      coolline (~> 0.3)
      io-console (~> 0.3.0)
    pry-rails (0.2.2)
      pry (>= 0.9.10)
    puma (1.6.3)
      rack (~> 1.2)
    quiet_assets (1.0.1)
      railties (~> 3.1)
    rack (1.4.4)
    rack-cache (1.2)
      rack (>= 0.4)
    rack-pjax (0.7.0)
      nokogiri (~> 1.5)
      rack (~> 1.3)
    rack-protection (1.3.2)
      rack
    rack-ssl (1.3.3)
      rack
    rack-test (0.6.2)
      rack (>= 1.0)
    rails (3.2.11)
      actionmailer (= 3.2.11)
      actionpack (= 3.2.11)
      activerecord (= 3.2.11)
      activeresource (= 3.2.11)
      activesupport (= 3.2.11)
      bundler (~> 1.0)
      railties (= 3.2.11)
    rails_admin (0.4.3)
      bootstrap-sass (~> 2.2)
      builder (~> 3.0)
      coffee-rails (~> 3.1)
      font-awesome-sass-rails (~> 3.0, >= 3.0.0.1)
      haml (~> 3.1)
      jquery-rails (~> 2.1)
      jquery-ui-rails (~> 3.0)
      kaminari (~> 0.14)
      nested_form (~> 0.3)
      rack-pjax (~> 0.6)
      rails (~> 3.1)
      remotipart (~> 1.0)
      sass-rails (~> 3.1)
    railties (3.2.11)
      actionpack (= 3.2.11)
      activesupport (= 3.2.11)
      rack-ssl (~> 1.3.2)
      rake (>= 0.8.7)
      rdoc (~> 3.4)
      thor (>= 0.14.6, < 2.0)
    rake (10.0.3)
    rdoc (3.12)
      json (~> 1.4)
    redis (3.0.2)
    redis-namespace (1.2.1)
      redis (~> 3.0.0)
    ref (1.0.2)
    remotipart (1.0.2)
    riddle (1.5.4)
    rubyzip (0.9.9)
    sass (3.2.5)
    sass-rails (3.2.6)
      railties (~> 3.2.0)
      sass (>= 3.1.10)
      tilt (~> 1.3)
    selenium-webdriver (2.29.0)
      childprocess (>= 0.2.5)
      multi_json (~> 1.0)
      rubyzip
      websocket (~> 1.0.4)
    sidekiq (2.7.0)
      celluloid (~> 0.12.0)
      connection_pool (~> 1.0)
      multi_json (~> 1)
      redis (~> 3)
      redis-namespace
    sidekiq-unique-jobs (2.3.2)
      sidekiq (>= 2.2.0)
    sinatra (1.3.4)
      rack (~> 1.4)
      rack-protection (~> 1.3)
      tilt (~> 1.3, >= 1.3.3)
    slim (1.3.0)
      temple (~> 0.4.1)
      tilt (~> 1.3.3)
    slop (3.4.3)
    sprockets (2.2.2)
      hike (~> 1.2)
      multi_json (~> 1.0)
      rack (~> 1.0)
      tilt (~> 1.1, != 1.3.0)
    temple (0.4.1)
    therubyracer (0.11.3)
      libv8 (~> 3.11.8.12)
      ref
    thor (0.17.0)
    tilt (1.3.3)
    timers (1.1.0)
    treetop (1.4.12)
      polyglot
      polyglot (>= 0.3.1)
    twitter-bootstrap-rails (2.2.0)
      actionpack (>= 3.1)
      execjs
      railties (>= 3.1)
    tzinfo (0.3.35)
    uglifier (1.3.0)
      execjs (>= 0.3.0)
      multi_json (~> 1.0, >= 1.0.2)
    websocket (1.0.7)
    xpath (1.0.0)
      nokogiri (~> 1.3)

PLATFORMS
  ruby

DEPENDENCIES
  bcrypt-ruby (~> 3.0.0)
  capistrano
  capistrano-maintenance
  coffee-rails
  font-awesome-sass-rails
  google-analytics-rails
  gravatar_image_tag
  haml
  jquery-rails
  kaminari (~> 0.14.0)
  less-rails
  libv8 (~> 3.11.8)
  miniskirt
  minitest-rails
  minitest-rails-capybara
  mysql2 (= 0.3.12b4)
  newrelic-redis
  newrelic_rpm
  pg (~> 0.14.1)
  pry-coolline
  pry-rails
  puma (~> 1.6.0)
  quiet_assets
  rails (= 3.2.11)
  rails_admin
  recommendable!
  sass-rails
  sidekiq (~> 2.7.0)
  sidekiq-unique-jobs (~> 2.3.0)
  sinatra
  slim (<= 1.3.0)
  therubyracer
  thinking-sphinx!
  twitter-bootstrap-rails (~> 2.2.0)
  uglifier
